// !$*UTF8*$!
{
	archiveVersion = 1;
	classes = {
	};
	objectVersion = 55;
	objects = {

/* Begin PBXBuildFile section */
		53F3F14F27E4802600925EA2 /* AppDelegate.swift in Sources */ = {isa = PBXBuildFile; fileRef = 53F3F14E27E4802600925EA2 /* AppDelegate.swift */; };
		53F3F15127E4802600925EA2 /* SceneDelegate.swift in Sources */ = {isa = PBXBuildFile; fileRef = 53F3F15027E4802600925EA2 /* SceneDelegate.swift */; };
		53F3F15327E4802600925EA2 /* ViewController.swift in Sources */ = {isa = PBXBuildFile; fileRef = 53F3F15227E4802600925EA2 /* ViewController.swift */; };
		53F3F15627E4802600925EA2 /* Main.storyboard in Resources */ = {isa = PBXBuildFile; fileRef = 53F3F15427E4802600925EA2 /* Main.storyboard */; };
		53F3F15827E4802700925EA2 /* Assets.xcassets in Resources */ = {isa = PBXBuildFile; fileRef = 53F3F15727E4802700925EA2 /* Assets.xcassets */; };
		53F3F15B27E4802700925EA2 /* LaunchScreen.storyboard in Resources */ = {isa = PBXBuildFile; fileRef = 53F3F15927E4802700925EA2 /* LaunchScreen.storyboard */; };
		FA8A1935432ECA91422B4AB3 /* Pods_HIROAKIKadai12.framework in Frameworks */ = {isa = PBXBuildFile; fileRef = B435AA6DBAC7E27E33473A32 /* Pods_HIROAKIKadai12.framework */; };
/* End PBXBuildFile section */

/* Begin PBXFileReference section */
		53F3F14B27E4802600925EA2 /* HIROAKIKadai12.app */ = {isa = PBXFileReference; explicitFileType = wrapper.application; includeInIndex = 0; path = HIROAKIKadai12.app; sourceTree = BUILT_PRODUCTS_DIR; };
		53F3F14E27E4802600925EA2 /* AppDelegate.swift */ = {isa = PBXFileReference; lastKnownFileType = sourcecode.swift; path = AppDelegate.swift; sourceTree = "<group>"; };
		53F3F15027E4802600925EA2 /* SceneDelegate.swift */ = {isa = PBXFileReference; lastKnownFileType = sourcecode.swift; path = SceneDelegate.swift; sourceTree = "<group>"; };
		53F3F15227E4802600925EA2 /* ViewController.swift */ = {isa = PBXFileReference; lastKnownFileType = sourcecode.swift; path = ViewController.swift; sourceTree = "<group>"; };
		53F3F15527E4802600925EA2 /* Base */ = {isa = PBXFileReference; lastKnownFileType = file.storyboard; name = Base; path = Base.lproj/Main.storyboard; sourceTree = "<group>"; };
		53F3F15727E4802700925EA2 /* Assets.xcassets */ = {isa = PBXFileReference; lastKnownFileType = folder.assetcatalog; path = Assets.xcassets; sourceTree = "<group>"; };
		53F3F15A27E4802700925EA2 /* Base */ = {isa = PBXFileReference; lastKnownFileType = file.storyboard; name = Base; path = Base.lproj/LaunchScreen.storyboard; sourceTree = "<group>"; };
		53F3F15C27E4802700925EA2 /* Info.plist */ = {isa = PBXFileReference; lastKnownFileType = text.plist.xml; path = Info.plist; sourceTree = "<group>"; };
		B435AA6DBAC7E27E33473A32 /* Pods_HIROAKIKadai12.framework */ = {isa = PBXFileReference; explicitFileType = wrapper.framework; includeInIndex = 0; path = Pods_HIROAKIKadai12.framework; sourceTree = BUILT_PRODUCTS_DIR; };
		E00DD2E26C5FD4BA4147B1BB /* Pods-HIROAKIKadai12.debug.xcconfig */ = {isa = PBXFileReference; includeInIndex = 1; lastKnownFileType = text.xcconfig; name = "Pods-HIROAKIKadai12.debug.xcconfig"; path = "Target Support Files/Pods-HIROAKIKadai12/Pods-HIROAKIKadai12.debug.xcconfig"; sourceTree = "<group>"; };
		EE97BDA7058499CEC6998733 /* Pods-HIROAKIKadai12.release.xcconfig */ = {isa = PBXFileReference; includeInIndex = 1; lastKnownFileType = text.xcconfig; name = "Pods-HIROAKIKadai12.release.xcconfig"; path = "Target Support Files/Pods-HIROAKIKadai12/Pods-HIROAKIKadai12.release.xcconfig"; sourceTree = "<group>"; };
/* End PBXFileReference section */

/* Begin PBXFrameworksBuildPhase section */
		53F3F14827E4802600925EA2 /* Frameworks */ = {
			isa = PBXFrameworksBuildPhase;
			buildActionMask = 2147483647;
			files = (
				FA8A1935432ECA91422B4AB3 /* Pods_HIROAKIKadai12.framework in Frameworks */,
			);
			runOnlyForDeploymentPostprocessing = 0;
		};
/* End PBXFrameworksBuildPhase section */

/* Begin PBXGroup section */
		53F3F14227E4802600925EA2 = {
			isa = PBXGroup;
			children = (
				53F3F14D27E4802600925EA2 /* HIROAKIKadai12 */,
				53F3F14C27E4802600925EA2 /* Products */,
				EB7D25E5644947D54C307D65 /* Pods */,
				960AF4C0CEACFBE61C1328A9 /* Frameworks */,
			);
			sourceTree = "<group>";
		};
		53F3F14C27E4802600925EA2 /* Products */ = {
			isa = PBXGroup;
			children = (
				53F3F14B27E4802600925EA2 /* HIROAKIKadai12.app */,
			);
			name = Products;
			sourceTree = "<group>";
		};
		53F3F14D27E4802600925EA2 /* HIROAKIKadai12 */ = {
			isa = PBXGroup;
			children = (
				53F3F14E27E4802600925EA2 /* AppDelegate.swift */,
				53F3F15027E4802600925EA2 /* SceneDelegate.swift */,
				53F3F15227E4802600925EA2 /* ViewController.swift */,
				53F3F15427E4802600925EA2 /* Main.storyboard */,
				53F3F15727E4802700925EA2 /* Assets.xcassets */,
				53F3F15927E4802700925EA2 /* LaunchScreen.storyboard */,
				53F3F15C27E4802700925EA2 /* Info.plist */,
			);
			path = HIROAKIKadai12;
			sourceTree = "<group>";
		};
		960AF4C0CEACFBE61C1328A9 /* Frameworks */ = {
			isa = PBXGroup;
			children = (
				B435AA6DBAC7E27E33473A32 /* Pods_HIROAKIKadai12.framework */,
			);
			name = Frameworks;
			sourceTree = "<group>";
		};
		EB7D25E5644947D54C307D65 /* Pods */ = {
			isa = PBXGroup;
			children = (
				E00DD2E26C5FD4BA4147B1BB /* Pods-HIROAKIKadai12.debug.xcconfig */,
				EE97BDA7058499CEC6998733 /* Pods-HIROAKIKadai12.release.xcconfig */,
			);
			path = Pods;
			sourceTree = "<group>";
		};
/* End PBXGroup section */

/* Begin PBXNativeTarget section */
		53F3F14A27E4802600925EA2 /* HIROAKIKadai12 */ = {
			isa = PBXNativeTarget;
			buildConfigurationList = 53F3F15F27E4802700925EA2 /* Build configuration list for PBXNativeTarget "HIROAKIKadai12" */;
			buildPhases = (
				E7796F93BC1178E1568A5CEE /* [CP] Check Pods Manifest.lock */,
				53F3F14727E4802600925EA2 /* Sources */,
				53F3F14827E4802600925EA2 /* Frameworks */,
				53F3F14927E4802600925EA2 /* Resources */,
				53F3F16227E481C100925EA2 /* ShellScript */,
			);
			buildRules = (
			);
			dependencies = (
			);
			name = HIROAKIKadai12;
			productName = HIROAKIKadai12;
			productReference = 53F3F14B27E4802600925EA2 /* HIROAKIKadai12.app */;
			productType = "com.apple.product-type.application";
		};
/* End PBXNativeTarget section */

/* Begin PBXProject section */
		53F3F14327E4802600925EA2 /* Project object */ = {
			isa = PBXProject;
			attributes = {
				BuildIndependentTargetsInParallel = 1;
				LastSwiftUpdateCheck = 1320;
				LastUpgradeCheck = 1320;
				TargetAttributes = {
					53F3F14A27E4802600925EA2 = {
						CreatedOnToolsVersion = 13.2.1;
					};
				};
			};
			buildConfigurationList = 53F3F14627E4802600925EA2 /* Build configuration list for PBXProject "HIROAKIKadai12" */;
			compatibilityVersion = "Xcode 13.0";
			developmentRegion = en;
			hasScannedForEncodings = 0;
			knownRegions = (
				en,
				Base,
			);
			mainGroup = 53F3F14227E4802600925EA2;
			productRefGroup = 53F3F14C27E4802600925EA2 /* Products */;
			projectDirPath = "";
			projectRoot = "";
			targets = (
				53F3F14A27E4802600925EA2 /* HIROAKIKadai12 */,
			);
		};
/* End PBXProject section */

/* Begin PBXResourcesBuildPhase section */
		53F3F14927E4802600925EA2 /* Resources */ = {
			isa = PBXResourcesBuildPhase;
			buildActionMask = 2147483647;
			files = (
				53F3F15B27E4802700925EA2 /* LaunchScreen.storyboard in Resources */,
				53F3F15827E4802700925EA2 /* Assets.xcassets in Resources */,
				53F3F15627E4802600925EA2 /* Main.storyboard in Resources */,
			);
			runOnlyForDeploymentPostprocessing = 0;
		};
/* End PBXResourcesBuildPhase section */

/* Begin PBXShellScriptBuildPhase section */
		53F3F16227E481C100925EA2 /* ShellScript */ = {
			isa = PBXShellScriptBuildPhase;
			buildActionMask = 2147483647;
			files = (
			);
			inputFileListPaths = (
			);
			inputPaths = (
			);
			outputFileListPaths = (
			);
			outputPaths = (
			);
			runOnlyForDeploymentPostprocessing = 0;
			shellPath = /bin/sh;
			shellScript = "if which \"${PODS_ROOT}/SwiftLint/swiftlint\" >/dev/null; then\n${PODS_ROOT}/SwiftLint/swiftlint\nelse\necho \"warning: SwiftLint not installed, download from https://github.com/realm/SwiftLint\"\nfi\n";
		};
		E7796F93BC1178E1568A5CEE /* [CP] Check Pods Manifest.lock */ = {
			isa = PBXShellScriptBuildPhase;
			buildActionMask = 2147483647;
			files = (
			);
			inputFileListPaths = (
			);
			inputPaths = (
				"${PODS_PODFILE_DIR_PATH}/Podfile.lock",
				"${PODS_ROOT}/Manifest.lock",
			);
			name = "[CP] Check Pods Manifest.lock";
			outputFileListPaths = (
			);
			outputPaths = (
				"$(DERIVED_FILE_DIR)/Pods-HIROAKIKadai12-checkManifestLockResult.txt",
			);
			runOnlyForDeploymentPostprocessing = 0;
			shellPath = /bin/sh;
			shellScript = "diff \"${PODS_PODFILE_DIR_PATH}/Podfile.lock\" \"${PODS_ROOT}/Manifest.lock\" > /dev/null\nif [ $? != 0 ] ; then\n    # print error to STDERR\n    echo \"error: The sandbox is not in sync with the Podfile.lock. Run 'pod install' or update your CocoaPods installation.\" >&2\n    exit 1\nfi\n# This output is used by Xcode 'outputs' to avoid re-running this script phase.\necho \"SUCCESS\" > \"${SCRIPT_OUTPUT_FILE_0}\"\n";
			showEnvVarsInLog = 0;
		};
/* End PBXShellScriptBuildPhase section */

/* Begin PBXSourcesBuildPhase section */
		53F3F14727E4802600925EA2 /* Sources */ = {
			isa = PBXSourcesBuildPhase;
			buildActionMask = 2147483647;
			files = (
				53F3F15327E4802600925EA2 /* ViewController.swift in Sources */,
				53F3F14F27E4802600925EA2 /* AppDelegate.swift in Sources */,
				53F3F15127E4802600925EA2 /* SceneDelegate.swift in Sources */,
			);
			runOnlyForDeploymentPostprocessing = 0;
		};
/* End PBXSourcesBuildPhase section */

/* Begin PBXVariantGroup section */
		53F3F15427E4802600925EA2 /* Main.storyboard */ = {
			isa = PBXVariantGroup;
			children = (
				53F3F15527E4802600925EA2 /* Base */,
			);
			name = Main.storyboard;
			sourceTree = "<group>";
		};
		53F3F15927E4802700925EA2 /* LaunchScreen.storyboard */ = {
			isa = PBXVariantGroup;
			children = (
				53F3F15A27E4802700925EA2 /* Base */,
			);
			name = LaunchScreen.storyboard;
			sourceTree = "<group>";
		};
/* End PBXVariantGroup section */

/* Begin XCBuildConfiguration section */
		53F3F15D27E4802700925EA2 /* Debug */ = {
			isa = XCBuildConfiguration;
			buildSettings = {
				ALWAYS_SEARCH_USER_PATHS = NO;
				CLANG_ANALYZER_NONNULL = YES;
				CLANG_ANALYZER_NUMBER_OBJECT_CONVERSION = YES_AGGRESSIVE;
				CLANG_CXX_LANGUAGE_STANDARD = "gnu++17";
				CLANG_CXX_LIBRARY = "libc++";
				CLANG_ENABLE_MODULES = YES;
				CLANG_ENABLE_OBJC_ARC = YES;
				CLANG_ENABLE_OBJC_WEAK = YES;
				CLANG_WARN_BLOCK_CAPTURE_AUTORELEASING = YES;
				CLANG_WARN_BOOL_CONVERSION = YES;
				CLANG_WARN_COMMA = YES;
				CLANG_WARN_CONSTANT_CONVERSION = YES;
				CLANG_WARN_DEPRECATED_OBJC_IMPLEMENTATIONS = YES;
				CLANG_WARN_DIRECT_OBJC_ISA_USAGE = YES_ERROR;
				CLANG_WARN_DOCUMENTATION_COMMENTS = YES;
				CLANG_WARN_EMPTY_BODY = YES;
				CLANG_WARN_ENUM_CONVERSION = YES;
				CLANG_WARN_INFINITE_RECURSION = YES;
				CLANG_WARN_INT_CONVERSION = YES;
				CLANG_WARN_NON_LITERAL_NULL_CONVERSION = YES;
				CLANG_WARN_OBJC_IMPLICIT_RETAIN_SELF = YES;
				CLANG_WARN_OBJC_LITERAL_CONVERSION = YES;
				CLANG_WARN_OBJC_ROOT_CLASS = YES_ERROR;
				CLANG_WARN_QUOTED_INCLUDE_IN_FRAMEWORK_HEADER = YES;
				CLANG_WARN_RANGE_LOOP_ANALYSIS = YES;
				CLANG_WARN_STRICT_PROTOTYPES = YES;
				CLANG_WARN_SUSPICIOUS_MOVE = YES;
				CLANG_WARN_UNGUARDED_AVAILABILITY = YES_AGGRESSIVE;
				CLANG_WARN_UNREACHABLE_CODE = YES;
				CLANG_WARN__DUPLICATE_METHOD_MATCH = YES;
				COPY_PHASE_STRIP = NO;
				DEBUG_INFORMATION_FORMAT = dwarf;
				ENABLE_STRICT_OBJC_MSGSEND = YES;
				ENABLE_TESTABILITY = YES;
				GCC_C_LANGUAGE_STANDARD = gnu11;
				GCC_DYNAMIC_NO_PIC = NO;
				GCC_NO_COMMON_BLOCKS = YES;
				GCC_OPTIMIZATION_LEVEL = 0;
				GCC_PREPROCESSOR_DEFINITIONS = (
					"DEBUG=1",
					"$(inherited)",
				);
				GCC_WARN_64_TO_32_BIT_CONVERSION = YES;
				GCC_WARN_ABOUT_RETURN_TYPE = YES_ERROR;
				GCC_WARN_UNDECLARED_SELECTOR = YES;
				GCC_WARN_UNINITIALIZED_AUTOS = YES_AGGRESSIVE;
				GCC_WARN_UNUSED_FUNCTION = YES;
				GCC_WARN_UNUSED_VARIABLE = YES;
				IPHONEOS_DEPLOYMENT_TARGET = 15.2;
				MTL_ENABLE_DEBUG_INFO = INCLUDE_SOURCE;
				MTL_FAST_MATH = YES;
				ONLY_ACTIVE_ARCH = YES;
				SDKROOT = iphoneos;
				SWIFT_ACTIVE_COMPILATION_CONDITIONS = DEBUG;
				SWIFT_OPTIMIZATION_LEVEL = "-Onone";
			};
			name = Debug;
		};
		53F3F15E27E4802700925EA2 /* Release */ = {
			isa = XCBuildConfiguration;
			buildSettings = {
				ALWAYS_SEARCH_USER_PATHS = NO;
				CLANG_ANALYZER_NONNULL = YES;
				CLANG_ANALYZER_NUMBER_OBJECT_CONVERSION = YES_AGGRESSIVE;
				CLANG_CXX_LANGUAGE_STANDARD = "gnu++17";
				CLANG_CXX_LIBRARY = "libc++";
				CLANG_ENABLE_MODULES = YES;
				CLANG_ENABLE_OBJC_ARC = YES;
				CLANG_ENABLE_OBJC_WEAK = YES;
				CLANG_WARN_BLOCK_CAPTURE_AUTORELEASING = YES;
				CLANG_WARN_BOOL_CONVERSION = YES;
				CLANG_WARN_COMMA = YES;
				CLANG_WARN_CONSTANT_CONVERSION = YES;
				CLANG_WARN_DEPRECATED_OBJC_IMPLEMENTATIONS = YES;
				CLANG_WARN_DIRECT_OBJC_ISA_USAGE = YES_ERROR;
				CLANG_WARN_DOCUMENTATION_COMMENTS = YES;
				CLANG_WARN_EMPTY_BODY = YES;
				CLANG_WARN_ENUM_CONVERSION = YES;
				CLANG_WARN_INFINITE_RECURSION = YES;
				CLANG_WARN_INT_CONVERSION = YES;
				CLANG_WARN_NON_LITERAL_NULL_CONVERSION = YES;
				CLANG_WARN_OBJC_IMPLICIT_RETAIN_SELF = YES;
				CLANG_WARN_OBJC_LITERAL_CONVERSION = YES;
				CLANG_WARN_OBJC_ROOT_CLASS = YES_ERROR;
				CLANG_WARN_QUOTED_INCLUDE_IN_FRAMEWORK_HEADER = YES;
				CLANG_WARN_RANGE_LOOP_ANALYSIS = YES;
				CLANG_WARN_STRICT_PROTOTYPES = YES;
				CLANG_WARN_SUSPICIOUS_MOVE = YES;
				CLANG_WARN_UNGUARDED_AVAILABILITY = YES_AGGRESSIVE;
				CLANG_WARN_UNREACHABLE_CODE = YES;
				CLANG_WARN__DUPLICATE_METHOD_MATCH = YES;
				COPY_PHASE_STRIP = NO;
				DEBUG_INFORMATION_FORMAT = "dwarf-with-dsym";
				ENABLE_NS_ASSERTIONS = NO;
				ENABLE_STRICT_OBJC_MSGSEND = YES;
				GCC_C_LANGUAGE_STANDARD = gnu11;
				GCC_NO_COMMON_BLOCKS = YES;
				GCC_WARN_64_TO_32_BIT_CONVERSION = YES;
				GCC_WARN_ABOUT_RETURN_TYPE = YES_ERROR;
				GCC_WARN_UNDECLARED_SELECTOR = YES;
				GCC_WARN_UNINITIALIZED_AUTOS = YES_AGGRESSIVE;
				GCC_WARN_UNUSED_FUNCTION = YES;
				GCC_WARN_UNUSED_VARIABLE = YES;
				IPHONEOS_DEPLOYMENT_TARGET = 15.2;
				MTL_ENABLE_DEBUG_INFO = NO;
				MTL_FAST_MATH = YES;
				SDKROOT = iphoneos;
				SWIFT_COMPILATION_MODE = wholemodule;
				SWIFT_OPTIMIZATION_LEVEL = "-O";
				VALIDATE_PRODUCT = YES;
			};
			name = Release;
		};
		53F3F16027E4802700925EA2 /* Debug */ = {
			isa = XCBuildConfiguration;
			baseConfigurationReference = E00DD2E26C5FD4BA4147B1BB /* Pods-HIROAKIKadai12.debug.xcconfig */;
			buildSettings = {
				ASSETCATALOG_COMPILER_APPICON_NAME = AppIcon;
				ASSETCATALOG_COMPILER_GLOBAL_ACCENT_COLOR_NAME = AccentColor;
				CODE_SIGN_STYLE = Automatic;
				CURRENT_PROJECT_VERSION = 1;
				DEVELOPMENT_TEAM = X5LBWH4CYQ;
				GENERATE_INFOPLIST_FILE = YES;
				INFOPLIST_FILE = HIROAKIKadai12/Info.plist;
				INFOPLIST_KEY_UIApplicationSupportsIndirectInputEvents = YES;
				INFOPLIST_KEY_UILaunchStoryboardName = LaunchScreen;
				INFOPLIST_KEY_UIMainStoryboardFile = Main;
				INFOPLIST_KEY_UISupportedInterfaceOrientations_iPad = "UIInterfaceOrientationPortrait UIInterfaceOrientationPortraitUpsideDown UIInterfaceOrientationLandscapeLeft UIInterfaceOrientationLandscapeRight";
				INFOPLIST_KEY_UISupportedInterfaceOrientations_iPhone = "UIInterfaceOrientationPortrait UIInterfaceOrientationLandscapeLeft UIInterfaceOrientationLandscapeRight";
				LD_RUNPATH_SEARCH_PATHS = (
					"$(inherited)",
					"@executable_path/Frameworks",
				);
				MARKETING_VERSION = 1.0;
				PRODUCT_BUNDLE_IDENTIFIER = com.hiroakiapp.HIROAKIKadai12;
				PRODUCT_NAME = "$(TARGET_NAME)";
				SWIFT_EMIT_LOC_STRINGS = YES;
				SWIFT_VERSION = 5.0;
				TARGETED_DEVICE_FAMILY = "1,2";
			};
			name = Debug;
		};
		53F3F16127E4802700925EA2 /* Release */ = {
			isa = XCBuildConfiguration;
			baseConfigurationReference = EE97BDA7058499CEC6998733 /* Pods-HIROAKIKadai12.release.xcconfig */;
			buildSettings = {
				ASSETCATALOG_COMPILER_APPICON_NAME = AppIcon;
				ASSETCATALOG_COMPILER_GLOBAL_ACCENT_COLOR_NAME = AccentColor;
				CODE_SIGN_STYLE = Automatic;
				CURRENT_PROJECT_VERSION = 1;
				DEVELOPMENT_TEAM = X5LBWH4CYQ;
				GENERATE_INFOPLIST_FILE = YES;
				INFOPLIST_FILE = HIROAKIKadai12/Info.plist;
				INFOPLIST_KEY_UIApplicationSupportsIndirectInputEvents = YES;
				INFOPLIST_KEY_UILaunchStoryboardName = LaunchScreen;
				INFOPLIST_KEY_UIMainStoryboardFile = Main;
				INFOPLIST_KEY_UISupportedInterfaceOrientations_iPad = "UIInterfaceOrientationPortrait UIInterfaceOrientationPortraitUpsideDown UIInterfaceOrientationLandscapeLeft UIInterfaceOrientationLandscapeRight";
				INFOPLIST_KEY_UISupportedInterfaceOrientations_iPhone = "UIInterfaceOrientationPortrait UIInterfaceOrientationLandscapeLeft UIInterfaceOrientationLandscapeRight";
				LD_RUNPATH_SEARCH_PATHS = (
					"$(inherited)",
					"@executable_path/Frameworks",
				);
				MARKETING_VERSION = 1.0;
				PRODUCT_BUNDLE_IDENTIFIER = com.hiroakiapp.HIROAKIKadai12;
				PRODUCT_NAME = "$(TARGET_NAME)";
				SWIFT_EMIT_LOC_STRINGS = YES;
				SWIFT_VERSION = 5.0;
				TARGETED_DEVICE_FAMILY = "1,2";
			};
			name = Release;
		};
/* End XCBuildConfiguration section */

/* Begin XCConfigurationList section */
		53F3F14627E4802600925EA2 /* Build configuration list for PBXProject "HIROAKIKadai12" */ = {
			isa = XCConfigurationList;
			buildConfigurations = (
				53F3F15D27E4802700925EA2 /* Debug */,
				53F3F15E27E4802700925EA2 /* Release */,
			);
			defaultConfigurationIsVisible = 0;
			defaultConfigurationName = Release;
		};
		53F3F15F27E4802700925EA2 /* Build configuration list for PBXNativeTarget "HIROAKIKadai12" */ = {
			isa = XCConfigurationList;
			buildConfigurations = (
				53F3F16027E4802700925EA2 /* Debug */,
				53F3F16127E4802700925EA2 /* Release */,
			);
			defaultConfigurationIsVisible = 0;
			defaultConfigurationName = Release;
		};
/* End XCConfigurationList section */
	};
	rootObject = 53F3F14327E4802600925EA2 /* Project object */;
}
